
Microsoft Visual Studio Solution File, Format Version 12.00
# Visual Studio Version 16
VisualStudioVersion = 16.0.31313.79
MinimumVisualStudioVersion = 10.0.40219.1
Project("{8BC9CEB8-8B4A-11D0-8D11-00A0C91BC942}") = "MyDll", "MyDll\MyDll.vcxproj", "{4AC9DE8F-28CD-4412-8AB1-79B24AFF353E}"
EndProject
Global
	GlobalSection(SolutionConfigurationPlatforms) = preSolution
		Debug|x64 = Debug|x64
		Debug|x86 = Debug|x86
		Release|x64 = Release|x64
		Release|x86 = Release|x86
	EndGlobalSection
	GlobalSection(ProjectConfigurationPlatforms) = postSolution
		{4AC9DE8F-28CD-4412-8AB1-79B24AFF353E}.Debug|x64.ActiveCfg = Debug|x64
		{4AC9DE8F-28CD-4412-8AB1-79B24AFF353E}.Debug|x64.Build.0 = Debug|x64
		{4AC9DE8F-28CD-4412-8AB1-79B24AFF353E}.Debug|x86.ActiveCfg = Debug|Win32
		{4AC9DE8F-28CD-4412-8AB1-79B24AFF353E}.Debug|x86.Build.0 = Debug|Win32
		{4AC9DE8F-28CD-4412-8AB1-79B24AFF353E}.Release|x64.ActiveCfg = Release|x64
		{4AC9DE8F-28CD-4412-8AB1-79B24AFF353E}.Release|x64.Build.0 = Release|x64
		{4AC9DE8F-28CD-4412-8AB1-79B24AFF353E}.Release|x86.ActiveCfg = Release|Win32
		{4AC9DE8F-28CD-4412-8AB1-79B24AFF353E}.Release|x86.Build.0 = Release|Win32
	EndGlobalSection
	GlobalSection(SolutionProperties) = preSolution
		HideSolutionNode = FALSE
	EndGlobalSection
	GlobalSection(ExtensibilityGlobals) = postSolution
		SolutionGuid = {B6D16FEB-E6E6-4DEB-A3DF-F9792BE4C2A5}
	EndGlobalSection
EndGlobal
